// !$*UTF8*$!
{
	archiveVersion = 1;
	classes = {
	};
	objectVersion = 50;
	objects = {

/* Begin PBXBuildFile section */
		1A520608261CB68A00ED1E5D /* CurrencyLocale.swift in Sources */ = {isa = PBXBuildFile; fileRef = 1A520607261CB68A00ED1E5D /* CurrencyLocale.swift */; };
		1A52060B261CC5CA00ED1E5D /* NetworkError.swift in Sources */ = {isa = PBXBuildFile; fileRef = 1A52060A261CC5CA00ED1E5D /* NetworkError.swift */; };
		1AA2C18A261C6510004BB21D /* CustomHeaderView.xib in Resources */ = {isa = PBXBuildFile; fileRef = 1AA2C189261C6510004BB21D /* CustomHeaderView.xib */; };
		1AEB7387261B4A6F000C8CFE /* AppDelegate.swift in Sources */ = {isa = PBXBuildFile; fileRef = 1AEB7386261B4A6F000C8CFE /* AppDelegate.swift */; };
		1AEB7389261B4A6F000C8CFE /* SceneDelegate.swift in Sources */ = {isa = PBXBuildFile; fileRef = 1AEB7388261B4A6F000C8CFE /* SceneDelegate.swift */; };
		1AEB738E261B4A6F000C8CFE /* Main.storyboard in Resources */ = {isa = PBXBuildFile; fileRef = 1AEB738C261B4A6F000C8CFE /* Main.storyboard */; };
		1AEB7390261B4A74000C8CFE /* Assets.xcassets in Resources */ = {isa = PBXBuildFile; fileRef = 1AEB738F261B4A74000C8CFE /* Assets.xcassets */; };
		1AEB7393261B4A74000C8CFE /* LaunchScreen.storyboard in Resources */ = {isa = PBXBuildFile; fileRef = 1AEB7391261B4A74000C8CFE /* LaunchScreen.storyboard */; };
		1AEB73A2261B4DF1000C8CFE /* ExchangeTableViewCell.swift in Sources */ = {isa = PBXBuildFile; fileRef = 1AEB73A1261B4DF0000C8CFE /* ExchangeTableViewCell.swift */; };
		1AEB73A6261B4F6E000C8CFE /* DataModel.swift in Sources */ = {isa = PBXBuildFile; fileRef = 1AEB73A5261B4F6D000C8CFE /* DataModel.swift */; };
		1AEB73A9261B50D1000C8CFE /* ServerRequest.swift in Sources */ = {isa = PBXBuildFile; fileRef = 1AEB73A8261B50D1000C8CFE /* ServerRequest.swift */; };
		1AEB73AD261C4FCA000C8CFE /* CustomHeaderView.swift in Sources */ = {isa = PBXBuildFile; fileRef = 1AEB73AC261C4FC9000C8CFE /* CustomHeaderView.swift */; };
		1AEB73B3261C576C000C8CFE /* ExchangeViewController.swift in Sources */ = {isa = PBXBuildFile; fileRef = 1AEB73B2261C576C000C8CFE /* ExchangeViewController.swift */; };
/* End PBXBuildFile section */

/* Begin PBXFileReference section */
		1A520607261CB68A00ED1E5D /* CurrencyLocale.swift */ = {isa = PBXFileReference; lastKnownFileType = sourcecode.swift; path = CurrencyLocale.swift; sourceTree = "<group>"; };
		1A52060A261CC5CA00ED1E5D /* NetworkError.swift */ = {isa = PBXFileReference; lastKnownFileType = sourcecode.swift; path = NetworkError.swift; sourceTree = "<group>"; };
		1AA2C189261C6510004BB21D /* CustomHeaderView.xib */ = {isa = PBXFileReference; lastKnownFileType = file.xib; path = CustomHeaderView.xib; sourceTree = "<group>"; };
		1AEB7383261B4A6F000C8CFE /* Exchange.app */ = {isa = PBXFileReference; explicitFileType = wrapper.application; includeInIndex = 0; path = Exchange.app; sourceTree = BUILT_PRODUCTS_DIR; };
		1AEB7386261B4A6F000C8CFE /* AppDelegate.swift */ = {isa = PBXFileReference; lastKnownFileType = sourcecode.swift; path = AppDelegate.swift; sourceTree = "<group>"; };
		1AEB7388261B4A6F000C8CFE /* SceneDelegate.swift */ = {isa = PBXFileReference; lastKnownFileType = sourcecode.swift; path = SceneDelegate.swift; sourceTree = "<group>"; };
		1AEB738D261B4A6F000C8CFE /* Base */ = {isa = PBXFileReference; lastKnownFileType = file.storyboard; name = Base; path = Base.lproj/Main.storyboard; sourceTree = "<group>"; };
		1AEB738F261B4A74000C8CFE /* Assets.xcassets */ = {isa = PBXFileReference; lastKnownFileType = folder.assetcatalog; path = Assets.xcassets; sourceTree = "<group>"; };
		1AEB7392261B4A74000C8CFE /* Base */ = {isa = PBXFileReference; lastKnownFileType = file.storyboard; name = Base; path = Base.lproj/LaunchScreen.storyboard; sourceTree = "<group>"; };
		1AEB7394261B4A74000C8CFE /* Info.plist */ = {isa = PBXFileReference; lastKnownFileType = text.plist.xml; path = Info.plist; sourceTree = "<group>"; };
		1AEB73A1261B4DF0000C8CFE /* ExchangeTableViewCell.swift */ = {isa = PBXFileReference; lastKnownFileType = sourcecode.swift; path = ExchangeTableViewCell.swift; sourceTree = "<group>"; };
		1AEB73A5261B4F6D000C8CFE /* DataModel.swift */ = {isa = PBXFileReference; lastKnownFileType = sourcecode.swift; path = DataModel.swift; sourceTree = "<group>"; };
		1AEB73A8261B50D1000C8CFE /* ServerRequest.swift */ = {isa = PBXFileReference; lastKnownFileType = sourcecode.swift; path = ServerRequest.swift; sourceTree = "<group>"; };
		1AEB73AC261C4FC9000C8CFE /* CustomHeaderView.swift */ = {isa = PBXFileReference; lastKnownFileType = sourcecode.swift; path = CustomHeaderView.swift; sourceTree = "<group>"; };
		1AEB73B2261C576C000C8CFE /* ExchangeViewController.swift */ = {isa = PBXFileReference; lastKnownFileType = sourcecode.swift; path = ExchangeViewController.swift; sourceTree = "<group>"; };
/* End PBXFileReference section */

/* Begin PBXFrameworksBuildPhase section */
		1AEB7380261B4A6F000C8CFE /* Frameworks */ = {
			isa = PBXFrameworksBuildPhase;
			buildActionMask = 2147483647;
			files = (
			);
			runOnlyForDeploymentPostprocessing = 0;
		};
/* End PBXFrameworksBuildPhase section */

/* Begin PBXGroup section */
		1AEB737A261B4A6F000C8CFE = {
			isa = PBXGroup;
			children = (
				1AEB7385261B4A6F000C8CFE /* Exchange */,
				1AEB7384261B4A6F000C8CFE /* Products */,
			);
			sourceTree = "<group>";
		};
		1AEB7384261B4A6F000C8CFE /* Products */ = {
			isa = PBXGroup;
			children = (
				1AEB7383261B4A6F000C8CFE /* Exchange.app */,
			);
			name = Products;
			sourceTree = "<group>";
		};
		1AEB7385261B4A6F000C8CFE /* Exchange */ = {
			isa = PBXGroup;
			children = (
				1AEB73A4261B4F53000C8CFE /* Model */,
				1AEB739F261B4DD0000C8CFE /* View */,
				1AEB7386261B4A6F000C8CFE /* AppDelegate.swift */,
				1AEB7388261B4A6F000C8CFE /* SceneDelegate.swift */,
				1AEB738C261B4A6F000C8CFE /* Main.storyboard */,
				1AEB738F261B4A74000C8CFE /* Assets.xcassets */,
				1AEB7391261B4A74000C8CFE /* LaunchScreen.storyboard */,
				1AEB7394261B4A74000C8CFE /* Info.plist */,
				1AEB73B2261C576C000C8CFE /* ExchangeViewController.swift */,
			);
			path = Exchange;
			sourceTree = "<group>";
		};
		1AEB739F261B4DD0000C8CFE /* View */ = {
			isa = PBXGroup;
			children = (
				1AEB73AB261C4FB8000C8CFE /* CustomHeaderView */,
				1AEB73A1261B4DF0000C8CFE /* ExchangeTableViewCell.swift */,
			);
			path = View;
			sourceTree = "<group>";
		};
		1AEB73A4261B4F53000C8CFE /* Model */ = {
			isa = PBXGroup;
			children = (
				1AEB73A5261B4F6D000C8CFE /* DataModel.swift */,
				1AEB73A8261B50D1000C8CFE /* ServerRequest.swift */,
				1A520607261CB68A00ED1E5D /* CurrencyLocale.swift */,
				1A52060A261CC5CA00ED1E5D /* NetworkError.swift */,
			);
			path = Model;
			sourceTree = "<group>";
		};
		1AEB73AB261C4FB8000C8CFE /* CustomHeaderView */ = {
			isa = PBXGroup;
			children = (
				1AEB73AC261C4FC9000C8CFE /* CustomHeaderView.swift */,
				1AA2C189261C6510004BB21D /* CustomHeaderView.xib */,
			);
			path = CustomHeaderView;
			sourceTree = "<group>";
		};
/* End PBXGroup section */

/* Begin PBXNativeTarget section */
		1AEB7382261B4A6F000C8CFE /* Exchange */ = {
			isa = PBXNativeTarget;
			buildConfigurationList = 1AEB7397261B4A74000C8CFE /* Build configuration list for PBXNativeTarget "Exchange" */;
			buildPhases = (
				1AEB737F261B4A6F000C8CFE /* Sources */,
				1AEB7380261B4A6F000C8CFE /* Frameworks */,
				1AEB7381261B4A6F000C8CFE /* Resources */,
			);
			buildRules = (
			);
			dependencies = (
			);
			name = Exchange;
			productName = Exchange;
			productReference = 1AEB7383261B4A6F000C8CFE /* Exchange.app */;
			productType = "com.apple.product-type.application";
		};
/* End PBXNativeTarget section */

/* Begin PBXProject section */
		1AEB737B261B4A6F000C8CFE /* Project object */ = {
			isa = PBXProject;
			attributes = {
				LastSwiftUpdateCheck = 1240;
				LastUpgradeCheck = 1240;
				TargetAttributes = {
					1AEB7382261B4A6F000C8CFE = {
						CreatedOnToolsVersion = 12.4;
					};
				};
			};
			buildConfigurationList = 1AEB737E261B4A6F000C8CFE /* Build configuration list for PBXProject "Exchange" */;
			compatibilityVersion = "Xcode 9.3";
			developmentRegion = en;
			hasScannedForEncodings = 0;
			knownRegions = (
				en,
				Base,
			);
			mainGroup = 1AEB737A261B4A6F000C8CFE;
			productRefGroup = 1AEB7384261B4A6F000C8CFE /* Products */;
			projectDirPath = "";
			projectRoot = "";
			targets = (
				1AEB7382261B4A6F000C8CFE /* Exchange */,
			);
		};
/* End PBXProject section */

/* Begin PBXResourcesBuildPhase section */
		1AEB7381261B4A6F000C8CFE /* Resources */ = {
			isa = PBXResourcesBuildPhase;
			buildActionMask = 2147483647;
			files = (
				1AA2C18A261C6510004BB21D /* CustomHeaderView.xib in Resources */,
				1AEB7393261B4A74000C8CFE /* LaunchScreen.storyboard in Resources */,
				1AEB7390261B4A74000C8CFE /* Assets.xcassets in Resources */,
				1AEB738E261B4A6F000C8CFE /* Main.storyboard in Resources */,
			);
			runOnlyForDeploymentPostprocessing = 0;
		};
/* End PBXResourcesBuildPhase section */

/* Begin PBXSourcesBuildPhase section */
		1AEB737F261B4A6F000C8CFE /* Sources */ = {
			isa = PBXSourcesBuildPhase;
			buildActionMask = 2147483647;
			files = (
				1AEB73A9261B50D1000C8CFE /* ServerRequest.swift in Sources */,
				1AEB73B3261C576C000C8CFE /* ExchangeViewController.swift in Sources */,
				1A520608261CB68A00ED1E5D /* CurrencyLocale.swift in Sources */,
				1AEB73AD261C4FCA000C8CFE /* CustomHeaderView.swift in Sources */,
				1AEB73A6261B4F6E000C8CFE /* DataModel.swift in Sources */,
				1AEB73A2261B4DF1000C8CFE /* ExchangeTableViewCell.swift in Sources */,
				1A52060B261CC5CA00ED1E5D /* NetworkError.swift in Sources */,
				1AEB7387261B4A6F000C8CFE /* AppDelegate.swift in Sources */,
				1AEB7389261B4A6F000C8CFE /* SceneDelegate.swift in Sources */,
			);
			runOnlyForDeploymentPostprocessing = 0;
		};
/* End PBXSourcesBuildPhase section */

/* Begin PBXVariantGroup section */
		1AEB738C261B4A6F000C8CFE /* Main.storyboard */ = {
			isa = PBXVariantGroup;
			children = (
				1AEB738D261B4A6F000C8CFE /* Base */,
			);
			name = Main.storyboard;
			sourceTree = "<group>";
		};
		1AEB7391261B4A74000C8CFE /* LaunchScreen.storyboard */ = {
			isa = PBXVariantGroup;
			children = (
				1AEB7392261B4A74000C8CFE /* Base */,
			);
			name = LaunchScreen.storyboard;
			sourceTree = "<group>";
		};
/* End PBXVariantGroup section */

/* Begin XCBuildConfiguration section */
		1AEB7395261B4A74000C8CFE /* Debug */ = {
			isa = XCBuildConfiguration;
			buildSettings = {
				ALWAYS_SEARCH_USER_PATHS = NO;
				CLANG_ANALYZER_NONNULL = YES;
				CLANG_ANALYZER_NUMBER_OBJECT_CONVERSION = YES_AGGRESSIVE;
				CLANG_CXX_LANGUAGE_STANDARD = "gnu++14";
				CLANG_CXX_LIBRARY = "libc++";
				CLANG_ENABLE_MODULES = YES;
				CLANG_ENABLE_OBJC_ARC = YES;
				CLANG_ENABLE_OBJC_WEAK = YES;
				CLANG_WARN_BLOCK_CAPTURE_AUTORELEASING = YES;
				CLANG_WARN_BOOL_CONVERSION = YES;
				CLANG_WARN_COMMA = YES;
				CLANG_WARN_CONSTANT_CONVERSION = YES;
				CLANG_WARN_DEPRECATED_OBJC_IMPLEMENTATIONS = YES;
				CLANG_WARN_DIRECT_OBJC_ISA_USAGE = YES_ERROR;
				CLANG_WARN_DOCUMENTATION_COMMENTS = YES;
				CLANG_WARN_EMPTY_BODY = YES;
				CLANG_WARN_ENUM_CONVERSION = YES;
				CLANG_WARN_INFINITE_RECURSION = YES;
				CLANG_WARN_INT_CONVERSION = YES;
				CLANG_WARN_NON_LITERAL_NULL_CONVERSION = YES;
				CLANG_WARN_OBJC_IMPLICIT_RETAIN_SELF = YES;
				CLANG_WARN_OBJC_LITERAL_CONVERSION = YES;
				CLANG_WARN_OBJC_ROOT_CLASS = YES_ERROR;
				CLANG_WARN_QUOTED_INCLUDE_IN_FRAMEWORK_HEADER = YES;
				CLANG_WARN_RANGE_LOOP_ANALYSIS = YES;
				CLANG_WARN_STRICT_PROTOTYPES = YES;
				CLANG_WARN_SUSPICIOUS_MOVE = YES;
				CLANG_WARN_UNGUARDED_AVAILABILITY = YES_AGGRESSIVE;
				CLANG_WARN_UNREACHABLE_CODE = YES;
				CLANG_WARN__DUPLICATE_METHOD_MATCH = YES;
				COPY_PHASE_STRIP = NO;
				DEBUG_INFORMATION_FORMAT = dwarf;
				ENABLE_STRICT_OBJC_MSGSEND = YES;
				ENABLE_TESTABILITY = YES;
				GCC_C_LANGUAGE_STANDARD = gnu11;
				GCC_DYNAMIC_NO_PIC = NO;
				GCC_NO_COMMON_BLOCKS = YES;
				GCC_OPTIMIZATION_LEVEL = 0;
				GCC_PREPROCESSOR_DEFINITIONS = (
					"DEBUG=1",
					"$(inherited)",
				);
				GCC_WARN_64_TO_32_BIT_CONVERSION = YES;
				GCC_WARN_ABOUT_RETURN_TYPE = YES_ERROR;
				GCC_WARN_UNDECLARED_SELECTOR = YES;
				GCC_WARN_UNINITIALIZED_AUTOS = YES_AGGRESSIVE;
				GCC_WARN_UNUSED_FUNCTION = YES;
				GCC_WARN_UNUSED_VARIABLE = YES;
				IPHONEOS_DEPLOYMENT_TARGET = 14.1;
				MTL_ENABLE_DEBUG_INFO = INCLUDE_SOURCE;
				MTL_FAST_MATH = YES;
				ONLY_ACTIVE_ARCH = YES;
				SDKROOT = iphoneos;
				SWIFT_ACTIVE_COMPILATION_CONDITIONS = DEBUG;
				SWIFT_OPTIMIZATION_LEVEL = "-Onone";
			};
			name = Debug;
		};
		1AEB7396261B4A74000C8CFE /* Release */ = {
			isa = XCBuildConfiguration;
			buildSettings = {
				ALWAYS_SEARCH_USER_PATHS = NO;
				CLANG_ANALYZER_NONNULL = YES;
				CLANG_ANALYZER_NUMBER_OBJECT_CONVERSION = YES_AGGRESSIVE;
				CLANG_CXX_LANGUAGE_STANDARD = "gnu++14";
				CLANG_CXX_LIBRARY = "libc++";
				CLANG_ENABLE_MODULES = YES;
				CLANG_ENABLE_OBJC_ARC = YES;
				CLANG_ENABLE_OBJC_WEAK = YES;
				CLANG_WARN_BLOCK_CAPTURE_AUTORELEASING = YES;
				CLANG_WARN_BOOL_CONVERSION = YES;
				CLANG_WARN_COMMA = YES;
				CLANG_WARN_CONSTANT_CONVERSION = YES;
				CLANG_WARN_DEPRECATED_OBJC_IMPLEMENTATIONS = YES;
				CLANG_WARN_DIRECT_OBJC_ISA_USAGE = YES_ERROR;
				CLANG_WARN_DOCUMENTATION_COMMENTS = YES;
				CLANG_WARN_EMPTY_BODY = YES;
				CLANG_WARN_ENUM_CONVERSION = YES;
				CLANG_WARN_INFINITE_RECURSION = YES;
				CLANG_WARN_INT_CONVERSION = YES;
				CLANG_WARN_NON_LITERAL_NULL_CONVERSION = YES;
				CLANG_WARN_OBJC_IMPLICIT_RETAIN_SELF = YES;
				CLANG_WARN_OBJC_LITERAL_CONVERSION = YES;
				CLANG_WARN_OBJC_ROOT_CLASS = YES_ERROR;
				CLANG_WARN_QUOTED_INCLUDE_IN_FRAMEWORK_HEADER = YES;
				CLANG_WARN_RANGE_LOOP_ANALYSIS = YES;
				CLANG_WARN_STRICT_PROTOTYPES = YES;
				CLANG_WARN_SUSPICIOUS_MOVE = YES;
				CLANG_WARN_UNGUARDED_AVAILABILITY = YES_AGGRESSIVE;
				CLANG_WARN_UNREACHABLE_CODE = YES;
				CLANG_WARN__DUPLICATE_METHOD_MATCH = YES;
				COPY_PHASE_STRIP = NO;
				DEBUG_INFORMATION_FORMAT = "dwarf-with-dsym";
				ENABLE_NS_ASSERTIONS = NO;
				ENABLE_STRICT_OBJC_MSGSEND = YES;
				GCC_C_LANGUAGE_STANDARD = gnu11;
				GCC_NO_COMMON_BLOCKS = YES;
				GCC_WARN_64_TO_32_BIT_CONVERSION = YES;
				GCC_WARN_ABOUT_RETURN_TYPE = YES_ERROR;
				GCC_WARN_UNDECLARED_SELECTOR = YES;
				GCC_WARN_UNINITIALIZED_AUTOS = YES_AGGRESSIVE;
				GCC_WARN_UNUSED_FUNCTION = YES;
				GCC_WARN_UNUSED_VARIABLE = YES;
				IPHONEOS_DEPLOYMENT_TARGET = 14.1;
				MTL_ENABLE_DEBUG_INFO = NO;
				MTL_FAST_MATH = YES;
				SDKROOT = iphoneos;
				SWIFT_COMPILATION_MODE = wholemodule;
				SWIFT_OPTIMIZATION_LEVEL = "-O";
				VALIDATE_PRODUCT = YES;
			};
			name = Release;
		};
		1AEB7398261B4A74000C8CFE /* Debug */ = {
			isa = XCBuildConfiguration;
			buildSettings = {
				ASSETCATALOG_COMPILER_APPICON_NAME = AppIcon;
				ASSETCATALOG_COMPILER_GLOBAL_ACCENT_COLOR_NAME = AccentColor;
				CODE_SIGN_STYLE = Automatic;
				DEVELOPMENT_TEAM = DDL9ZR3BK3;
				INFOPLIST_FILE = Exchange/Info.plist;
				IPHONEOS_DEPLOYMENT_TARGET = 14.1;
				LD_RUNPATH_SEARCH_PATHS = (
					"$(inherited)",
					"@executable_path/Frameworks",
				);
				PRODUCT_BUNDLE_IDENTIFIER = Archy.Exchange;
				PRODUCT_NAME = "$(TARGET_NAME)";
				SWIFT_VERSION = 5.0;
				TARGETED_DEVICE_FAMILY = 1;
			};
			name = Debug;
		};
		1AEB7399261B4A74000C8CFE /* Release */ = {
			isa = XCBuildConfiguration;
			buildSettings = {
				ASSETCATALOG_COMPILER_APPICON_NAME = AppIcon;
				ASSETCATALOG_COMPILER_GLOBAL_ACCENT_COLOR_NAME = AccentColor;
				CODE_SIGN_STYLE = Automatic;
				DEVELOPMENT_TEAM = DDL9ZR3BK3;
				INFOPLIST_FILE = Exchange/Info.plist;
				IPHONEOS_DEPLOYMENT_TARGET = 14.1;
				LD_RUNPATH_SEARCH_PATHS = (
					"$(inherited)",
					"@executable_path/Frameworks",
				);
				PRODUCT_BUNDLE_IDENTIFIER = Archy.Exchange;
				PRODUCT_NAME = "$(TARGET_NAME)";
				SWIFT_VERSION = 5.0;
				TARGETED_DEVICE_FAMILY = 1;
			};
			name = Release;
		};
/* End XCBuildConfiguration section */

/* Begin XCConfigurationList section */
		1AEB737E261B4A6F000C8CFE /* Build configuration list for PBXProject "Exchange" */ = {
			isa = XCConfigurationList;
			buildConfigurations = (
				1AEB7395261B4A74000C8CFE /* Debug */,
				1AEB7396261B4A74000C8CFE /* Release */,
			);
			defaultConfigurationIsVisible = 0;
			defaultConfigurationName = Release;
		};
		1AEB7397261B4A74000C8CFE /* Build configuration list for PBXNativeTarget "Exchange" */ = {
			isa = XCConfigurationList;
			buildConfigurations = (
				1AEB7398261B4A74000C8CFE /* Debug */,
				1AEB7399261B4A74000C8CFE /* Release */,
			);
			defaultConfigurationIsVisible = 0;
			defaultConfigurationName = Release;
		};
/* End XCConfigurationList section */
	};
	rootObject = 1AEB737B261B4A6F000C8CFE /* Project object */;
}
